
Microsoft Visual Studio Solution File, Format Version 12.00
# Visual Studio Version 16
VisualStudioVersion = 16.0.30907.101
MinimumVisualStudioVersion = 10.0.40219.1
Project("{9A19103F-16F7-4668-BE54-9A1E7A4F7556}") = "SchoolAPI", "SchoolAPI.csproj", "{6221B88B-FAAE-46E0-A9EC-C86A6339CF85}"
EndProject
Project("{9A19103F-16F7-4668-BE54-9A1E7A4F7556}") = "Contracts", "Contracts\Contracts.csproj", "{26A61EAD-F727-4412-8A21-AA3A3A89FCD3}"
EndProject
Project("{9A19103F-16F7-4668-BE54-9A1E7A4F7556}") = "Entities", "Entities\Entities.csproj", "{B1087FC0-3ED8-47E2-90E8-77494EDE6464}"
EndProject
Project("{9A19103F-16F7-4668-BE54-9A1E7A4F7556}") = "LoggerService", "LoggerService\LoggerService.csproj", "{45D955D3-932A-4D1D-B9B2-C0D9CBB8442D}"
EndProject
Project("{9A19103F-16F7-4668-BE54-9A1E7A4F7556}") = "Repositories", "Repositories\Repositories.csproj", "{B1A14FFF-F45A-493F-9AC9-86D2575F79E9}"
EndProject
Project("{FAE04EC0-301F-11D3-BF4B-00C04F79EFBC}") = "ActionFilters", "ActionFilters\ActionFilters.csproj", "{20D75945-A50F-4D9E-85CC-6662C75F3370}"
EndProject
Global
	GlobalSection(SolutionConfigurationPlatforms) = preSolution
		Debug|Any CPU = Debug|Any CPU
		Release|Any CPU = Release|Any CPU
	EndGlobalSection
	GlobalSection(ProjectConfigurationPlatforms) = postSolution
		{6221B88B-FAAE-46E0-A9EC-C86A6339CF85}.Debug|Any CPU.ActiveCfg = Debug|Any CPU
		{6221B88B-FAAE-46E0-A9EC-C86A6339CF85}.Debug|Any CPU.Build.0 = Debug|Any CPU
		{6221B88B-FAAE-46E0-A9EC-C86A6339CF85}.Release|Any CPU.ActiveCfg = Release|Any CPU
		{6221B88B-FAAE-46E0-A9EC-C86A6339CF85}.Release|Any CPU.Build.0 = Release|Any CPU
		{26A61EAD-F727-4412-8A21-AA3A3A89FCD3}.Debug|Any CPU.ActiveCfg = Debug|Any CPU
		{26A61EAD-F727-4412-8A21-AA3A3A89FCD3}.Debug|Any CPU.Build.0 = Debug|Any CPU
		{26A61EAD-F727-4412-8A21-AA3A3A89FCD3}.Release|Any CPU.ActiveCfg = Release|Any CPU
		{26A61EAD-F727-4412-8A21-AA3A3A89FCD3}.Release|Any CPU.Build.0 = Release|Any CPU
		{B1087FC0-3ED8-47E2-90E8-77494EDE6464}.Debug|Any CPU.ActiveCfg = Debug|Any CPU
		{B1087FC0-3ED8-47E2-90E8-77494EDE6464}.Debug|Any CPU.Build.0 = Debug|Any CPU
		{B1087FC0-3ED8-47E2-90E8-77494EDE6464}.Release|Any CPU.ActiveCfg = Release|Any CPU
		{B1087FC0-3ED8-47E2-90E8-77494EDE6464}.Release|Any CPU.Build.0 = Release|Any CPU
		{45D955D3-932A-4D1D-B9B2-C0D9CBB8442D}.Debug|Any CPU.ActiveCfg = Debug|Any CPU
		{45D955D3-932A-4D1D-B9B2-C0D9CBB8442D}.Debug|Any CPU.Build.0 = Debug|Any CPU
		{45D955D3-932A-4D1D-B9B2-C0D9CBB8442D}.Release|Any CPU.ActiveCfg = Release|Any CPU
		{45D955D3-932A-4D1D-B9B2-C0D9CBB8442D}.Release|Any CPU.Build.0 = Release|Any CPU
		{B1A14FFF-F45A-493F-9AC9-86D2575F79E9}.Debug|Any CPU.ActiveCfg = Debug|Any CPU
		{B1A14FFF-F45A-493F-9AC9-86D2575F79E9}.Debug|Any CPU.Build.0 = Debug|Any CPU
		{B1A14FFF-F45A-493F-9AC9-86D2575F79E9}.Release|Any CPU.ActiveCfg = Release|Any CPU
		{B1A14FFF-F45A-493F-9AC9-86D2575F79E9}.Release|Any CPU.Build.0 = Release|Any CPU
		{20D75945-A50F-4D9E-85CC-6662C75F3370}.Debug|Any CPU.ActiveCfg = Debug|Any CPU
		{20D75945-A50F-4D9E-85CC-6662C75F3370}.Debug|Any CPU.Build.0 = Debug|Any CPU
		{20D75945-A50F-4D9E-85CC-6662C75F3370}.Release|Any CPU.ActiveCfg = Release|Any CPU
		{20D75945-A50F-4D9E-85CC-6662C75F3370}.Release|Any CPU.Build.0 = Release|Any CPU
	EndGlobalSection
	GlobalSection(SolutionProperties) = preSolution
		HideSolutionNode = FALSE
	EndGlobalSection
	GlobalSection(ExtensibilityGlobals) = postSolution
		SolutionGuid = {24EF024A-9305-4535-BA5B-004B1CA0D281}
	EndGlobalSection
EndGlobal
